
Microsoft Visual Studio Solution File, Format Version 12.00
# Visual Studio Version 16
VisualStudioVersion = 16.0.31624.102
MinimumVisualStudioVersion = 10.0.40219.1
Project("{9A19103F-16F7-4668-BE54-9A1E7A4F7556}") = "Paint2D", "Paint2D\Paint2D.csproj", "{14577A9C-4478-41A3-8512-184A4C6E1444}"
EndProject
Project("{FAE04EC0-301F-11D3-BF4B-00C04F79EFBC}") = "Contract", "Contract\Contract.csproj", "{CA0AF1D5-DAAA-4BE5-B4D4-AC2A73D10304}"
EndProject
Project("{FAE04EC0-301F-11D3-BF4B-00C04F79EFBC}") = "Rectangle2D", "Rectangle2D\Rectangle2D.csproj", "{091E017D-E276-47EA-9846-1ED7E4F76A06}"
EndProject
Project("{FAE04EC0-301F-11D3-BF4B-00C04F79EFBC}") = "Square2D", "Square2D\Square2D.csproj", "{1D910B54-D724-46C6-AFFB-8F1F1D2D93FA}"
EndProject
Project("{FAE04EC0-301F-11D3-BF4B-00C04F79EFBC}") = "Eclipse2D", "Eclipse2D\Eclipse2D.csproj", "{37B50EB2-F4C4-4F7F-82BD-B199C402634C}"
EndProject
Project("{FAE04EC0-301F-11D3-BF4B-00C04F79EFBC}") = "Circle2D", "Circle2D\Circle2D.csproj", "{1D064948-C5F0-4EDF-85DE-0DD93D6665CA}"
EndProject
Global
	GlobalSection(SolutionConfigurationPlatforms) = preSolution
		Debug|Any CPU = Debug|Any CPU
		Release|Any CPU = Release|Any CPU
	EndGlobalSection
	GlobalSection(ProjectConfigurationPlatforms) = postSolution
		{14577A9C-4478-41A3-8512-184A4C6E1444}.Debug|Any CPU.ActiveCfg = Debug|Any CPU
		{14577A9C-4478-41A3-8512-184A4C6E1444}.Debug|Any CPU.Build.0 = Debug|Any CPU
		{14577A9C-4478-41A3-8512-184A4C6E1444}.Release|Any CPU.ActiveCfg = Release|Any CPU
		{14577A9C-4478-41A3-8512-184A4C6E1444}.Release|Any CPU.Build.0 = Release|Any CPU
		{CA0AF1D5-DAAA-4BE5-B4D4-AC2A73D10304}.Debug|Any CPU.ActiveCfg = Debug|Any CPU
		{CA0AF1D5-DAAA-4BE5-B4D4-AC2A73D10304}.Debug|Any CPU.Build.0 = Debug|Any CPU
		{CA0AF1D5-DAAA-4BE5-B4D4-AC2A73D10304}.Release|Any CPU.ActiveCfg = Release|Any CPU
		{CA0AF1D5-DAAA-4BE5-B4D4-AC2A73D10304}.Release|Any CPU.Build.0 = Release|Any CPU
		{091E017D-E276-47EA-9846-1ED7E4F76A06}.Debug|Any CPU.ActiveCfg = Debug|Any CPU
		{091E017D-E276-47EA-9846-1ED7E4F76A06}.Debug|Any CPU.Build.0 = Debug|Any CPU
		{091E017D-E276-47EA-9846-1ED7E4F76A06}.Release|Any CPU.ActiveCfg = Release|Any CPU
		{091E017D-E276-47EA-9846-1ED7E4F76A06}.Release|Any CPU.Build.0 = Release|Any CPU
		{1D910B54-D724-46C6-AFFB-8F1F1D2D93FA}.Debug|Any CPU.ActiveCfg = Debug|Any CPU
		{1D910B54-D724-46C6-AFFB-8F1F1D2D93FA}.Debug|Any CPU.Build.0 = Debug|Any CPU
		{1D910B54-D724-46C6-AFFB-8F1F1D2D93FA}.Release|Any CPU.ActiveCfg = Release|Any CPU
		{1D910B54-D724-46C6-AFFB-8F1F1D2D93FA}.Release|Any CPU.Build.0 = Release|Any CPU
		{37B50EB2-F4C4-4F7F-82BD-B199C402634C}.Debug|Any CPU.ActiveCfg = Debug|Any CPU
		{37B50EB2-F4C4-4F7F-82BD-B199C402634C}.Debug|Any CPU.Build.0 = Debug|Any CPU
		{37B50EB2-F4C4-4F7F-82BD-B199C402634C}.Release|Any CPU.ActiveCfg = Release|Any CPU
		{37B50EB2-F4C4-4F7F-82BD-B199C402634C}.Release|Any CPU.Build.0 = Release|Any CPU
		{1D064948-C5F0-4EDF-85DE-0DD93D6665CA}.Debug|Any CPU.ActiveCfg = Debug|Any CPU
		{1D064948-C5F0-4EDF-85DE-0DD93D6665CA}.Debug|Any CPU.Build.0 = Debug|Any CPU
		{1D064948-C5F0-4EDF-85DE-0DD93D6665CA}.Release|Any CPU.ActiveCfg = Release|Any CPU
		{1D064948-C5F0-4EDF-85DE-0DD93D6665CA}.Release|Any CPU.Build.0 = Release|Any CPU
	EndGlobalSection
	GlobalSection(SolutionProperties) = preSolution
		HideSolutionNode = FALSE
	EndGlobalSection
	GlobalSection(ExtensibilityGlobals) = postSolution
		SolutionGuid = {269CB17F-61AD-474D-BA98-574C069A3620}
	EndGlobalSection
EndGlobal
