
Microsoft Visual Studio Solution File, Format Version 12.00
# Visual Studio Version 16
VisualStudioVersion = 16.0.31624.102
MinimumVisualStudioVersion = 10.0.40219.1
Project("{FAE04EC0-301F-11D3-BF4B-00C04F79EFBC}") = "StudentBinding", "StudentBinding\StudentBinding.csproj", "{10E0A98E-3552-43CD-A3AD-FACFB0B5D5C1}"
EndProject
Global
	GlobalSection(SolutionConfigurationPlatforms) = preSolution
		Debug|Any CPU = Debug|Any CPU
		Release|Any CPU = Release|Any CPU
	EndGlobalSection
	GlobalSection(ProjectConfigurationPlatforms) = postSolution
		{10E0A98E-3552-43CD-A3AD-FACFB0B5D5C1}.Debug|Any CPU.ActiveCfg = Debug|Any CPU
		{10E0A98E-3552-43CD-A3AD-FACFB0B5D5C1}.Debug|Any CPU.Build.0 = Debug|Any CPU
		{10E0A98E-3552-43CD-A3AD-FACFB0B5D5C1}.Release|Any CPU.ActiveCfg = Release|Any CPU
		{10E0A98E-3552-43CD-A3AD-FACFB0B5D5C1}.Release|Any CPU.Build.0 = Release|Any CPU
	EndGlobalSection
	GlobalSection(SolutionProperties) = preSolution
		HideSolutionNode = FALSE
	EndGlobalSection
	GlobalSection(ExtensibilityGlobals) = postSolution
		SolutionGuid = {E91A27BB-F523-47F1-8070-FD9626A10682}
	EndGlobalSection
EndGlobal
