
Microsoft Visual Studio Solution File, Format Version 12.00
# Visual Studio Version 16
VisualStudioVersion = 16.0.31624.102
MinimumVisualStudioVersion = 10.0.40219.1
Project("{9A19103F-16F7-4668-BE54-9A1E7A4F7556}") = "LearnEnglish", "LearnEnglish\LearnEnglish.csproj", "{00744B47-0898-4F1A-B157-036745F63174}"
EndProject
Project("{9A19103F-16F7-4668-BE54-9A1E7A4F7556}") = "MotivationBoost", "MotivationBoost\MotivationBoost.csproj", "{9FBDBAC1-9E05-4A88-B36F-364B476BB0D0}"
EndProject
Global
	GlobalSection(SolutionConfigurationPlatforms) = preSolution
		Debug|Any CPU = Debug|Any CPU
		Release|Any CPU = Release|Any CPU
	EndGlobalSection
	GlobalSection(ProjectConfigurationPlatforms) = postSolution
		{00744B47-0898-4F1A-B157-036745F63174}.Debug|Any CPU.ActiveCfg = Debug|Any CPU
		{00744B47-0898-4F1A-B157-036745F63174}.Debug|Any CPU.Build.0 = Debug|Any CPU
		{00744B47-0898-4F1A-B157-036745F63174}.Release|Any CPU.ActiveCfg = Release|Any CPU
		{00744B47-0898-4F1A-B157-036745F63174}.Release|Any CPU.Build.0 = Release|Any CPU
		{9FBDBAC1-9E05-4A88-B36F-364B476BB0D0}.Debug|Any CPU.ActiveCfg = Debug|Any CPU
		{9FBDBAC1-9E05-4A88-B36F-364B476BB0D0}.Debug|Any CPU.Build.0 = Debug|Any CPU
		{9FBDBAC1-9E05-4A88-B36F-364B476BB0D0}.Release|Any CPU.ActiveCfg = Release|Any CPU
		{9FBDBAC1-9E05-4A88-B36F-364B476BB0D0}.Release|Any CPU.Build.0 = Release|Any CPU
	EndGlobalSection
	GlobalSection(SolutionProperties) = preSolution
		HideSolutionNode = FALSE
	EndGlobalSection
	GlobalSection(ExtensibilityGlobals) = postSolution
		SolutionGuid = {7E9DF616-6135-44B9-B1CF-5850857B3683}
	EndGlobalSection
EndGlobal
